// !$*UTF8*$!
{
	archiveVersion = 1;
	classes = {
	};
	objectVersion = 77;
	objects = {

/* Begin PBXContainerItemProxy section */
		072C3C2F2CA0C9EC004519C7 /* PBXContainerItemProxy */ = {
			isa = PBXContainerItemProxy;
			containerPortal = 072C3C162CA0C9EA004519C7 /* Project object */;
			proxyType = 1;
			remoteGlobalIDString = 072C3C1D2CA0C9EB004519C7;
			remoteInfo = SwiftDataTest;
		};
		072C3C392CA0C9EC004519C7 /* PBXContainerItemProxy */ = {
			isa = PBXContainerItemProxy;
			containerPortal = 072C3C162CA0C9EA004519C7 /* Project object */;
			proxyType = 1;
			remoteGlobalIDString = 072C3C1D2CA0C9EB004519C7;
			remoteInfo = SwiftDataTest;
		};
/* End PBXContainerItemProxy section */

/* Begin PBXFileReference section */
		072C3C1E2CA0C9EB004519C7 /* SwiftDataTest.app */ = {isa = PBXFileReference; explicitFileType = wrapper.application; includeInIndex = 0; path = SwiftDataTest.app; sourceTree = BUILT_PRODUCTS_DIR; };
		072C3C2E2CA0C9EC004519C7 /* SwiftDataTestTests.xctest */ = {isa = PBXFileReference; explicitFileType = wrapper.cfbundle; includeInIndex = 0; path = SwiftDataTestTests.xctest; sourceTree = BUILT_PRODUCTS_DIR; };
		072C3C382CA0C9EC004519C7 /* SwiftDataTestUITests.xctest */ = {isa = PBXFileReference; explicitFileType = wrapper.cfbundle; includeInIndex = 0; path = SwiftDataTestUITests.xctest; sourceTree = BUILT_PRODUCTS_DIR; };
/* End PBXFileReference section */

/* Begin PBXFileSystemSynchronizedRootGroup section */
		072C3C202CA0C9EB004519C7 /* SwiftDataTest */ = {
			isa = PBXFileSystemSynchronizedRootGroup;
			path = SwiftDataTest;
			sourceTree = "<group>";
		};
		072C3C312CA0C9EC004519C7 /* SwiftDataTestTests */ = {
			isa = PBXFileSystemSynchronizedRootGroup;
			path = SwiftDataTestTests;
			sourceTree = "<group>";
		};
		072C3C3B2CA0C9EC004519C7 /* SwiftDataTestUITests */ = {
			isa = PBXFileSystemSynchronizedRootGroup;
			path = SwiftDataTestUITests;
			sourceTree = "<group>";
		};
/* End PBXFileSystemSynchronizedRootGroup section */

/* Begin PBXFrameworksBuildPhase section */
		072C3C1B2CA0C9EB004519C7 /* Frameworks */ = {
			isa = PBXFrameworksBuildPhase;
			buildActionMask = 2147483647;
			files = (
			);
			runOnlyForDeploymentPostprocessing = 0;
		};
		072C3C2B2CA0C9EC004519C7 /* Frameworks */ = {
			isa = PBXFrameworksBuildPhase;
			buildActionMask = 2147483647;
			files = (
			);
			runOnlyForDeploymentPostprocessing = 0;
		};
		072C3C352CA0C9EC004519C7 /* Frameworks */ = {
			isa = PBXFrameworksBuildPhase;
			buildActionMask = 2147483647;
			files = (
			);
			runOnlyForDeploymentPostprocessing = 0;
		};
/* End PBXFrameworksBuildPhase section */

/* Begin PBXGroup section */
		072C3C152CA0C9EA004519C7 = {
			isa = PBXGroup;
			children = (
				072C3C202CA0C9EB004519C7 /* SwiftDataTest */,
				072C3C312CA0C9EC004519C7 /* SwiftDataTestTests */,
				072C3C3B2CA0C9EC004519C7 /* SwiftDataTestUITests */,
				072C3C1F2CA0C9EB004519C7 /* Products */,
			);
			sourceTree = "<group>";
		};
		072C3C1F2CA0C9EB004519C7 /* Products */ = {
			isa = PBXGroup;
			children = (
				072C3C1E2CA0C9EB004519C7 /* SwiftDataTest.app */,
				072C3C2E2CA0C9EC004519C7 /* SwiftDataTestTests.xctest */,
				072C3C382CA0C9EC004519C7 /* SwiftDataTestUITests.xctest */,
			);
			name = Products;
			sourceTree = "<group>";
		};
/* End PBXGroup section */

/* Begin PBXNativeTarget section */
		072C3C1D2CA0C9EB004519C7 /* SwiftDataTest */ = {
			isa = PBXNativeTarget;
			buildConfigurationList = 072C3C422CA0C9EC004519C7 /* Build configuration list for PBXNativeTarget "SwiftDataTest" */;
			buildPhases = (
				072C3C1A2CA0C9EB004519C7 /* Sources */,
				072C3C1B2CA0C9EB004519C7 /* Frameworks */,
				072C3C1C2CA0C9EB004519C7 /* Resources */,
			);
			buildRules = (
			);
			dependencies = (
			);
			fileSystemSynchronizedGroups = (
				072C3C202CA0C9EB004519C7 /* SwiftDataTest */,
			);
			name = SwiftDataTest;
			packageProductDependencies = (
			);
			productName = SwiftDataTest;
			productReference = 072C3C1E2CA0C9EB004519C7 /* SwiftDataTest.app */;
			productType = "com.apple.product-type.application";
		};
		072C3C2D2CA0C9EC004519C7 /* SwiftDataTestTests */ = {
			isa = PBXNativeTarget;
			buildConfigurationList = 072C3C452CA0C9EC004519C7 /* Build configuration list for PBXNativeTarget "SwiftDataTestTests" */;
			buildPhases = (
				072C3C2A2CA0C9EC004519C7 /* Sources */,
				072C3C2B2CA0C9EC004519C7 /* Frameworks */,
				072C3C2C2CA0C9EC004519C7 /* Resources */,
			);
			buildRules = (
			);
			dependencies = (
				072C3C302CA0C9EC004519C7 /* PBXTargetDependency */,
			);
			fileSystemSynchronizedGroups = (
				072C3C312CA0C9EC004519C7 /* SwiftDataTestTests */,
			);
			name = SwiftDataTestTests;
			packageProductDependencies = (
			);
			productName = SwiftDataTestTests;
			productReference = 072C3C2E2CA0C9EC004519C7 /* SwiftDataTestTests.xctest */;
			productType = "com.apple.product-type.bundle.unit-test";
		};
		072C3C372CA0C9EC004519C7 /* SwiftDataTestUITests */ = {
			isa = PBXNativeTarget;
			buildConfigurationList = 072C3C482CA0C9EC004519C7 /* Build configuration list for PBXNativeTarget "SwiftDataTestUITests" */;
			buildPhases = (
				072C3C342CA0C9EC004519C7 /* Sources */,
				072C3C352CA0C9EC004519C7 /* Frameworks */,
				072C3C362CA0C9EC004519C7 /* Resources */,
			);
			buildRules = (
			);
			dependencies = (
				072C3C3A2CA0C9EC004519C7 /* PBXTargetDependency */,
			);
			fileSystemSynchronizedGroups = (
				072C3C3B2CA0C9EC004519C7 /* SwiftDataTestUITests */,
			);
			name = SwiftDataTestUITests;
			packageProductDependencies = (
			);
			productName = SwiftDataTestUITests;
			productReference = 072C3C382CA0C9EC004519C7 /* SwiftDataTestUITests.xctest */;
			productType = "com.apple.product-type.bundle.ui-testing";
		};
/* End PBXNativeTarget section */

/* Begin PBXProject section */
		072C3C162CA0C9EA004519C7 /* Project object */ = {
			isa = PBXProject;
			attributes = {
				BuildIndependentTargetsInParallel = 1;
				LastSwiftUpdateCheck = 1600;
				LastUpgradeCheck = 1600;
				TargetAttributes = {
					072C3C1D2CA0C9EB004519C7 = {
						CreatedOnToolsVersion = 16.0;
					};
					072C3C2D2CA0C9EC004519C7 = {
						CreatedOnToolsVersion = 16.0;
						TestTargetID = 072C3C1D2CA0C9EB004519C7;
					};
					072C3C372CA0C9EC004519C7 = {
						CreatedOnToolsVersion = 16.0;
						TestTargetID = 072C3C1D2CA0C9EB004519C7;
					};
				};
			};
			buildConfigurationList = 072C3C192CA0C9EA004519C7 /* Build configuration list for PBXProject "SwiftDataTest" */;
			developmentRegion = en;
			hasScannedForEncodings = 0;
			knownRegions = (
				en,
				Base,
			);
			mainGroup = 072C3C152CA0C9EA004519C7;
			minimizedProjectReferenceProxies = 1;
			preferredProjectObjectVersion = 77;
			productRefGroup = 072C3C1F2CA0C9EB004519C7 /* Products */;
			projectDirPath = "";
			projectRoot = "";
			targets = (
				072C3C1D2CA0C9EB004519C7 /* SwiftDataTest */,
				072C3C2D2CA0C9EC004519C7 /* SwiftDataTestTests */,
				072C3C372CA0C9EC004519C7 /* SwiftDataTestUITests */,
			);
		};
/* End PBXProject section */

/* Begin PBXResourcesBuildPhase section */
		072C3C1C2CA0C9EB004519C7 /* Resources */ = {
			isa = PBXResourcesBuildPhase;
			buildActionMask = 2147483647;
			files = (
			);
			runOnlyForDeploymentPostprocessing = 0;
		};
		072C3C2C2CA0C9EC004519C7 /* Resources */ = {
			isa = PBXResourcesBuildPhase;
			buildActionMask = 2147483647;
			files = (
			);
			runOnlyForDeploymentPostprocessing = 0;
		};
		072C3C362CA0C9EC004519C7 /* Resources */ = {
			isa = PBXResourcesBuildPhase;
			buildActionMask = 2147483647;
			files = (
			);
			runOnlyForDeploymentPostprocessing = 0;
		};
/* End PBXResourcesBuildPhase section */

/* Begin PBXSourcesBuildPhase section */
		072C3C1A2CA0C9EB004519C7 /* Sources */ = {
			isa = PBXSourcesBuildPhase;
			buildActionMask = 2147483647;
			files = (
			);
			runOnlyForDeploymentPostprocessing = 0;
		};
		072C3C2A2CA0C9EC004519C7 /* Sources */ = {
			isa = PBXSourcesBuildPhase;
			buildActionMask = 2147483647;
			files = (
			);
			runOnlyForDeploymentPostprocessing = 0;
		};
		072C3C342CA0C9EC004519C7 /* Sources */ = {
			isa = PBXSourcesBuildPhase;
			buildActionMask = 2147483647;
			files = (
			);
			runOnlyForDeploymentPostprocessing = 0;
		};
/* End PBXSourcesBuildPhase section */

/* Begin PBXTargetDependency section */
		072C3C302CA0C9EC004519C7 /* PBXTargetDependency */ = {
			isa = PBXTargetDependency;
			target = 072C3C1D2CA0C9EB004519C7 /* SwiftDataTest */;
			targetProxy = 072C3C2F2CA0C9EC004519C7 /* PBXContainerItemProxy */;
		};
		072C3C3A2CA0C9EC004519C7 /* PBXTargetDependency */ = {
			isa = PBXTargetDependency;
			target = 072C3C1D2CA0C9EB004519C7 /* SwiftDataTest */;
			targetProxy = 072C3C392CA0C9EC004519C7 /* PBXContainerItemProxy */;
		};
/* End PBXTargetDependency section */

/* Begin XCBuildConfiguration section */
		072C3C402CA0C9EC004519C7 /* Debug */ = {
			isa = XCBuildConfiguration;
			buildSettings = {
				ALWAYS_SEARCH_USER_PATHS = NO;
				ASSETCATALOG_COMPILER_GENERATE_SWIFT_ASSET_SYMBOL_EXTENSIONS = YES;
				CLANG_ANALYZER_NONNULL = YES;
				CLANG_ANALYZER_NUMBER_OBJECT_CONVERSION = YES_AGGRESSIVE;
				CLANG_CXX_LANGUAGE_STANDARD = "gnu++20";
				CLANG_ENABLE_MODULES = YES;
				CLANG_ENABLE_OBJC_ARC = YES;
				CLANG_ENABLE_OBJC_WEAK = YES;
				CLANG_WARN_BLOCK_CAPTURE_AUTORELEASING = YES;
				CLANG_WARN_BOOL_CONVERSION = YES;
				CLANG_WARN_COMMA = YES;
				CLANG_WARN_CONSTANT_CONVERSION = YES;
				CLANG_WARN_DEPRECATED_OBJC_IMPLEMENTATIONS = YES;
				CLANG_WARN_DIRECT_OBJC_ISA_USAGE = YES_ERROR;
				CLANG_WARN_DOCUMENTATION_COMMENTS = YES;
				CLANG_WARN_EMPTY_BODY = YES;
				CLANG_WARN_ENUM_CONVERSION = YES;
				CLANG_WARN_INFINITE_RECURSION = YES;
				CLANG_WARN_INT_CONVERSION = YES;
				CLANG_WARN_NON_LITERAL_NULL_CONVERSION = YES;
				CLANG_WARN_OBJC_IMPLICIT_RETAIN_SELF = YES;
				CLANG_WARN_OBJC_LITERAL_CONVERSION = YES;
				CLANG_WARN_OBJC_ROOT_CLASS = YES_ERROR;
				CLANG_WARN_QUOTED_INCLUDE_IN_FRAMEWORK_HEADER = YES;
				CLANG_WARN_RANGE_LOOP_ANALYSIS = YES;
				CLANG_WARN_STRICT_PROTOTYPES = YES;
				CLANG_WARN_SUSPICIOUS_MOVE = YES;
				CLANG_WARN_UNGUARDED_AVAILABILITY = YES_AGGRESSIVE;
				CLANG_WARN_UNREACHABLE_CODE = YES;
				CLANG_WARN__DUPLICATE_METHOD_MATCH = YES;
				COPY_PHASE_STRIP = NO;
				DEBUG_INFORMATION_FORMAT = dwarf;
				ENABLE_STRICT_OBJC_MSGSEND = YES;
				ENABLE_TESTABILITY = YES;
				ENABLE_USER_SCRIPT_SANDBOXING = YES;
				GCC_C_LANGUAGE_STANDARD = gnu17;
				GCC_DYNAMIC_NO_PIC = NO;
				GCC_NO_COMMON_BLOCKS = YES;
				GCC_OPTIMIZATION_LEVEL = 0;
				GCC_PREPROCESSOR_DEFINITIONS = (
					"DEBUG=1",
					"$(inherited)",
				);
				GCC_WARN_64_TO_32_BIT_CONVERSION = YES;
				GCC_WARN_ABOUT_RETURN_TYPE = YES_ERROR;
				GCC_WARN_UNDECLARED_SELECTOR = YES;
				GCC_WARN_UNINITIALIZED_AUTOS = YES_AGGRESSIVE;
				GCC_WARN_UNUSED_FUNCTION = YES;
				GCC_WARN_UNUSED_VARIABLE = YES;
				IPHONEOS_DEPLOYMENT_TARGET = 18.0;
				LOCALIZATION_PREFERS_STRING_CATALOGS = YES;
				MTL_ENABLE_DEBUG_INFO = INCLUDE_SOURCE;
				MTL_FAST_MATH = YES;
				ONLY_ACTIVE_ARCH = YES;
				SDKROOT = iphoneos;
				SWIFT_ACTIVE_COMPILATION_CONDITIONS = "DEBUG $(inherited)";
				SWIFT_OPTIMIZATION_LEVEL = "-Onone";
			};
			name = Debug;
		};
		072C3C412CA0C9EC004519C7 /* Release */ = {
			isa = XCBuildConfiguration;
			buildSettings = {
				ALWAYS_SEARCH_USER_PATHS = NO;
				ASSETCATALOG_COMPILER_GENERATE_SWIFT_ASSET_SYMBOL_EXTENSIONS = YES;
				CLANG_ANALYZER_NONNULL = YES;
				CLANG_ANALYZER_NUMBER_OBJECT_CONVERSION = YES_AGGRESSIVE;
				CLANG_CXX_LANGUAGE_STANDARD = "gnu++20";
				CLANG_ENABLE_MODULES = YES;
				CLANG_ENABLE_OBJC_ARC = YES;
				CLANG_ENABLE_OBJC_WEAK = YES;
				CLANG_WARN_BLOCK_CAPTURE_AUTORELEASING = YES;
				CLANG_WARN_BOOL_CONVERSION = YES;
				CLANG_WARN_COMMA = YES;
				CLANG_WARN_CONSTANT_CONVERSION = YES;
				CLANG_WARN_DEPRECATED_OBJC_IMPLEMENTATIONS = YES;
				CLANG_WARN_DIRECT_OBJC_ISA_USAGE = YES_ERROR;
				CLANG_WARN_DOCUMENTATION_COMMENTS = YES;
				CLANG_WARN_EMPTY_BODY = YES;
				CLANG_WARN_ENUM_CONVERSION = YES;
				CLANG_WARN_INFINITE_RECURSION = YES;
				CLANG_WARN_INT_CONVERSION = YES;
				CLANG_WARN_NON_LITERAL_NULL_CONVERSION = YES;
				CLANG_WARN_OBJC_IMPLICIT_RETAIN_SELF = YES;
				CLANG_WARN_OBJC_LITERAL_CONVERSION = YES;
				CLANG_WARN_OBJC_ROOT_CLASS = YES_ERROR;
				CLANG_WARN_QUOTED_INCLUDE_IN_FRAMEWORK_HEADER = YES;
				CLANG_WARN_RANGE_LOOP_ANALYSIS = YES;
				CLANG_WARN_STRICT_PROTOTYPES = YES;
				CLANG_WARN_SUSPICIOUS_MOVE = YES;
				CLANG_WARN_UNGUARDED_AVAILABILITY = YES_AGGRESSIVE;
				CLANG_WARN_UNREACHABLE_CODE = YES;
				CLANG_WARN__DUPLICATE_METHOD_MATCH = YES;
				COPY_PHASE_STRIP = NO;
				DEBUG_INFORMATION_FORMAT = "dwarf-with-dsym";
				ENABLE_NS_ASSERTIONS = NO;
				ENABLE_STRICT_OBJC_MSGSEND = YES;
				ENABLE_USER_SCRIPT_SANDBOXING = YES;
				GCC_C_LANGUAGE_STANDARD = gnu17;
				GCC_NO_COMMON_BLOCKS = YES;
				GCC_WARN_64_TO_32_BIT_CONVERSION = YES;
				GCC_WARN_ABOUT_RETURN_TYPE = YES_ERROR;
				GCC_WARN_UNDECLARED_SELECTOR = YES;
				GCC_WARN_UNINITIALIZED_AUTOS = YES_AGGRESSIVE;
				GCC_WARN_UNUSED_FUNCTION = YES;
				GCC_WARN_UNUSED_VARIABLE = YES;
				IPHONEOS_DEPLOYMENT_TARGET = 18.0;
				LOCALIZATION_PREFERS_STRING_CATALOGS = YES;
				MTL_ENABLE_DEBUG_INFO = NO;
				MTL_FAST_MATH = YES;
				SDKROOT = iphoneos;
				SWIFT_COMPILATION_MODE = wholemodule;
				VALIDATE_PRODUCT = YES;
			};
			name = Release;
		};
		072C3C432CA0C9EC004519C7 /* Debug */ = {
			isa = XCBuildConfiguration;
			buildSettings = {
				ASSETCATALOG_COMPILER_APPICON_NAME = AppIcon;
				ASSETCATALOG_COMPILER_GLOBAL_ACCENT_COLOR_NAME = AccentColor;
				CODE_SIGN_STYLE = Automatic;
				CURRENT_PROJECT_VERSION = 1;
				DEVELOPMENT_ASSET_PATHS = "\"SwiftDataTest/Preview Content\"";
				ENABLE_PREVIEWS = YES;
				GENERATE_INFOPLIST_FILE = YES;
				INFOPLIST_KEY_UIApplicationSceneManifest_Generation = YES;
				INFOPLIST_KEY_UIApplicationSupportsIndirectInputEvents = YES;
				INFOPLIST_KEY_UILaunchScreen_Generation = YES;
				INFOPLIST_KEY_UISupportedInterfaceOrientations_iPad = "UIInterfaceOrientationPortrait UIInterfaceOrientationPortraitUpsideDown UIInterfaceOrientationLandscapeLeft UIInterfaceOrientationLandscapeRight";
				INFOPLIST_KEY_UISupportedInterfaceOrientations_iPhone = "UIInterfaceOrientationPortrait UIInterfaceOrientationLandscapeLeft UIInterfaceOrientationLandscapeRight";
				LD_RUNPATH_SEARCH_PATHS = (
					"$(inherited)",
					"@executable_path/Frameworks",
				);
				MARKETING_VERSION = 1.0;
				PRODUCT_BUNDLE_IDENTIFIER = com.406software.SwiftDataTest;
				PRODUCT_NAME = "$(TARGET_NAME)";
				SWIFT_EMIT_LOC_STRINGS = YES;
				SWIFT_VERSION = 5.0;
				TARGETED_DEVICE_FAMILY = "1,2";
			};
			name = Debug;
		};
		072C3C442CA0C9EC004519C7 /* Release */ = {
			isa = XCBuildConfiguration;
			buildSettings = {
				ASSETCATALOG_COMPILER_APPICON_NAME = AppIcon;
				ASSETCATALOG_COMPILER_GLOBAL_ACCENT_COLOR_NAME = AccentColor;
				CODE_SIGN_STYLE = Automatic;
				CURRENT_PROJECT_VERSION = 1;
				DEVELOPMENT_ASSET_PATHS = "\"SwiftDataTest/Preview Content\"";
				ENABLE_PREVIEWS = YES;
				GENERATE_INFOPLIST_FILE = YES;
				INFOPLIST_KEY_UIApplicationSceneManifest_Generation = YES;
				INFOPLIST_KEY_UIApplicationSupportsIndirectInputEvents = YES;
				INFOPLIST_KEY_UILaunchScreen_Generation = YES;
				INFOPLIST_KEY_UISupportedInterfaceOrientations_iPad = "UIInterfaceOrientationPortrait UIInterfaceOrientationPortraitUpsideDown UIInterfaceOrientationLandscapeLeft UIInterfaceOrientationLandscapeRight";
				INFOPLIST_KEY_UISupportedInterfaceOrientations_iPhone = "UIInterfaceOrientationPortrait UIInterfaceOrientationLandscapeLeft UIInterfaceOrientationLandscapeRight";
				LD_RUNPATH_SEARCH_PATHS = (
					"$(inherited)",
					"@executable_path/Frameworks",
				);
				MARKETING_VERSION = 1.0;
				PRODUCT_BUNDLE_IDENTIFIER = com.406software.SwiftDataTest;
				PRODUCT_NAME = "$(TARGET_NAME)";
				SWIFT_EMIT_LOC_STRINGS = YES;
				SWIFT_VERSION = 5.0;
				TARGETED_DEVICE_FAMILY = "1,2";
			};
			name = Release;
		};
		072C3C462CA0C9EC004519C7 /* Debug */ = {
			isa = XCBuildConfiguration;
			buildSettings = {
				BUNDLE_LOADER = "$(TEST_HOST)";
				CODE_SIGN_STYLE = Automatic;
				CURRENT_PROJECT_VERSION = 1;
				GENERATE_INFOPLIST_FILE = YES;
				IPHONEOS_DEPLOYMENT_TARGET = 18.0;
				MARKETING_VERSION = 1.0;
				PRODUCT_BUNDLE_IDENTIFIER = com.406software.SwiftDataTestTests;
				PRODUCT_NAME = "$(TARGET_NAME)";
				SWIFT_EMIT_LOC_STRINGS = NO;
				SWIFT_VERSION = 5.0;
				TARGETED_DEVICE_FAMILY = "1,2";
				TEST_HOST = "$(BUILT_PRODUCTS_DIR)/SwiftDataTest.app/$(BUNDLE_EXECUTABLE_FOLDER_PATH)/SwiftDataTest";
			};
			name = Debug;
		};
		072C3C472CA0C9EC004519C7 /* Release */ = {
			isa = XCBuildConfiguration;
			buildSettings = {
				BUNDLE_LOADER = "$(TEST_HOST)";
				CODE_SIGN_STYLE = Automatic;
				CURRENT_PROJECT_VERSION = 1;
				GENERATE_INFOPLIST_FILE = YES;
				IPHONEOS_DEPLOYMENT_TARGET = 18.0;
				MARKETING_VERSION = 1.0;
				PRODUCT_BUNDLE_IDENTIFIER = com.406software.SwiftDataTestTests;
				PRODUCT_NAME = "$(TARGET_NAME)";
				SWIFT_EMIT_LOC_STRINGS = NO;
				SWIFT_VERSION = 5.0;
				TARGETED_DEVICE_FAMILY = "1,2";
				TEST_HOST = "$(BUILT_PRODUCTS_DIR)/SwiftDataTest.app/$(BUNDLE_EXECUTABLE_FOLDER_PATH)/SwiftDataTest";
			};
			name = Release;
		};
		072C3C492CA0C9EC004519C7 /* Debug */ = {
			isa = XCBuildConfiguration;
			buildSettings = {
				CODE_SIGN_STYLE = Automatic;
				CURRENT_PROJECT_VERSION = 1;
				GENERATE_INFOPLIST_FILE = YES;
				MARKETING_VERSION = 1.0;
				PRODUCT_BUNDLE_IDENTIFIER = com.406software.SwiftDataTestUITests;
				PRODUCT_NAME = "$(TARGET_NAME)";
				SWIFT_EMIT_LOC_STRINGS = NO;
				SWIFT_VERSION = 5.0;
				TARGETED_DEVICE_FAMILY = "1,2";
				TEST_TARGET_NAME = SwiftDataTest;
			};
			name = Debug;
		};
		072C3C4A2CA0C9EC004519C7 /* Release */ = {
			isa = XCBuildConfiguration;
			buildSettings = {
				CODE_SIGN_STYLE = Automatic;
				CURRENT_PROJECT_VERSION = 1;
				GENERATE_INFOPLIST_FILE = YES;
				MARKETING_VERSION = 1.0;
				PRODUCT_BUNDLE_IDENTIFIER = com.406software.SwiftDataTestUITests;
				PRODUCT_NAME = "$(TARGET_NAME)";
				SWIFT_EMIT_LOC_STRINGS = NO;
				SWIFT_VERSION = 5.0;
				TARGETED_DEVICE_FAMILY = "1,2";
				TEST_TARGET_NAME = SwiftDataTest;
			};
			name = Release;
		};
/* End XCBuildConfiguration section */

/* Begin XCConfigurationList section */
		072C3C192CA0C9EA004519C7 /* Build configuration list for PBXProject "SwiftDataTest" */ = {
			isa = XCConfigurationList;
			buildConfigurations = (
				072C3C402CA0C9EC004519C7 /* Debug */,
				072C3C412CA0C9EC004519C7 /* Release */,
			);
			defaultConfigurationIsVisible = 0;
			defaultConfigurationName = Release;
		};
		072C3C422CA0C9EC004519C7 /* Build configuration list for PBXNativeTarget "SwiftDataTest" */ = {
			isa = XCConfigurationList;
			buildConfigurations = (
				072C3C432CA0C9EC004519C7 /* Debug */,
				072C3C442CA0C9EC004519C7 /* Release */,
			);
			defaultConfigurationIsVisible = 0;
			defaultConfigurationName = Release;
		};
		072C3C452CA0C9EC004519C7 /* Build configuration list for PBXNativeTarget "SwiftDataTestTests" */ = {
			isa = XCConfigurationList;
			buildConfigurations = (
				072C3C462CA0C9EC004519C7 /* Debug */,
				072C3C472CA0C9EC004519C7 /* Release */,
			);
			defaultConfigurationIsVisible = 0;
			defaultConfigurationName = Release;
		};
		072C3C482CA0C9EC004519C7 /* Build configuration list for PBXNativeTarget "SwiftDataTestUITests" */ = {
			isa = XCConfigurationList;
			buildConfigurations = (
				072C3C492CA0C9EC004519C7 /* Debug */,
				072C3C4A2CA0C9EC004519C7 /* Release */,
			);
			defaultConfigurationIsVisible = 0;
			defaultConfigurationName = Release;
		};
/* End XCConfigurationList section */
	};
	rootObject = 072C3C162CA0C9EA004519C7 /* Project object */;
}
