// !$*UTF8*$!
{
	archiveVersion = 1;
	classes = {
	};
	objectVersion = 77;
	objects = {

/* Begin PBXBuildFile section */
		073D0B2A2CA2FD6E009B6C7B /* Location.swift in Sources */ = {isa = PBXBuildFile; fileRef = 073D0B292CA2FD6E009B6C7B /* Location.swift */; };
		073D0B3B2CA30395009B6C7B /* SwiftUIView.swift in Sources */ = {isa = PBXBuildFile; fileRef = 073D0B3A2CA30395009B6C7B /* SwiftUIView.swift */; };
		0767A8752CA3262700AC22CA /* Result.swift in Sources */ = {isa = PBXBuildFile; fileRef = 0767A8742CA3262700AC22CA /* Result.swift */; };
/* End PBXBuildFile section */

/* Begin PBXContainerItemProxy section */
		073D0B0C2CA2FB8E009B6C7B /* PBXContainerItemProxy */ = {
			isa = PBXContainerItemProxy;
			containerPortal = 073D0AF32CA2FB8C009B6C7B /* Project object */;
			proxyType = 1;
			remoteGlobalIDString = 073D0AFA2CA2FB8C009B6C7B;
			remoteInfo = "Bucket List";
		};
		073D0B162CA2FB8E009B6C7B /* PBXContainerItemProxy */ = {
			isa = PBXContainerItemProxy;
			containerPortal = 073D0AF32CA2FB8C009B6C7B /* Project object */;
			proxyType = 1;
			remoteGlobalIDString = 073D0AFA2CA2FB8C009B6C7B;
			remoteInfo = "Bucket List";
		};
/* End PBXContainerItemProxy section */

/* Begin PBXFileReference section */
		073D0AFB2CA2FB8C009B6C7B /* Bucket List.app */ = {isa = PBXFileReference; explicitFileType = wrapper.application; includeInIndex = 0; path = "Bucket List.app"; sourceTree = BUILT_PRODUCTS_DIR; };
		073D0B0B2CA2FB8E009B6C7B /* Bucket ListTests.xctest */ = {isa = PBXFileReference; explicitFileType = wrapper.cfbundle; includeInIndex = 0; path = "Bucket ListTests.xctest"; sourceTree = BUILT_PRODUCTS_DIR; };
		073D0B152CA2FB8E009B6C7B /* Bucket ListUITests.xctest */ = {isa = PBXFileReference; explicitFileType = wrapper.cfbundle; includeInIndex = 0; path = "Bucket ListUITests.xctest"; sourceTree = BUILT_PRODUCTS_DIR; };
		073D0B292CA2FD6E009B6C7B /* Location.swift */ = {isa = PBXFileReference; lastKnownFileType = sourcecode.swift; path = Location.swift; sourceTree = "<group>"; };
		073D0B3A2CA30395009B6C7B /* SwiftUIView.swift */ = {isa = PBXFileReference; lastKnownFileType = sourcecode.swift; path = SwiftUIView.swift; sourceTree = "<group>"; };
		0767A8742CA3262700AC22CA /* Result.swift */ = {isa = PBXFileReference; lastKnownFileType = sourcecode.swift; path = Result.swift; sourceTree = "<group>"; };
/* End PBXFileReference section */

/* Begin PBXFileSystemSynchronizedRootGroup section */
		073D0AFD2CA2FB8C009B6C7B /* Bucket List */ = {
			isa = PBXFileSystemSynchronizedRootGroup;
			path = "Bucket List";
			sourceTree = "<group>";
		};
		073D0B0E2CA2FB8E009B6C7B /* Bucket ListTests */ = {
			isa = PBXFileSystemSynchronizedRootGroup;
			path = "Bucket ListTests";
			sourceTree = "<group>";
		};
		073D0B182CA2FB8E009B6C7B /* Bucket ListUITests */ = {
			isa = PBXFileSystemSynchronizedRootGroup;
			path = "Bucket ListUITests";
			sourceTree = "<group>";
		};
/* End PBXFileSystemSynchronizedRootGroup section */

/* Begin PBXFrameworksBuildPhase section */
		073D0AF82CA2FB8C009B6C7B /* Frameworks */ = {
			isa = PBXFrameworksBuildPhase;
			buildActionMask = 2147483647;
			files = (
			);
			runOnlyForDeploymentPostprocessing = 0;
		};
		073D0B082CA2FB8E009B6C7B /* Frameworks */ = {
			isa = PBXFrameworksBuildPhase;
			buildActionMask = 2147483647;
			files = (
			);
			runOnlyForDeploymentPostprocessing = 0;
		};
		073D0B122CA2FB8E009B6C7B /* Frameworks */ = {
			isa = PBXFrameworksBuildPhase;
			buildActionMask = 2147483647;
			files = (
			);
			runOnlyForDeploymentPostprocessing = 0;
		};
/* End PBXFrameworksBuildPhase section */

/* Begin PBXGroup section */
		073D0AF22CA2FB8C009B6C7B = {
			isa = PBXGroup;
			children = (
				073D0B3A2CA30395009B6C7B /* SwiftUIView.swift */,
				0767A8742CA3262700AC22CA /* Result.swift */,
				073D0B292CA2FD6E009B6C7B /* Location.swift */,
				073D0AFD2CA2FB8C009B6C7B /* Bucket List */,
				073D0B0E2CA2FB8E009B6C7B /* Bucket ListTests */,
				073D0B182CA2FB8E009B6C7B /* Bucket ListUITests */,
				073D0AFC2CA2FB8C009B6C7B /* Products */,
			);
			sourceTree = "<group>";
		};
		073D0AFC2CA2FB8C009B6C7B /* Products */ = {
			isa = PBXGroup;
			children = (
				073D0AFB2CA2FB8C009B6C7B /* Bucket List.app */,
				073D0B0B2CA2FB8E009B6C7B /* Bucket ListTests.xctest */,
				073D0B152CA2FB8E009B6C7B /* Bucket ListUITests.xctest */,
			);
			name = Products;
			sourceTree = "<group>";
		};
/* End PBXGroup section */

/* Begin PBXNativeTarget section */
		073D0AFA2CA2FB8C009B6C7B /* Bucket List */ = {
			isa = PBXNativeTarget;
			buildConfigurationList = 073D0B1F2CA2FB8E009B6C7B /* Build configuration list for PBXNativeTarget "Bucket List" */;
			buildPhases = (
				073D0AF72CA2FB8C009B6C7B /* Sources */,
				073D0AF82CA2FB8C009B6C7B /* Frameworks */,
				073D0AF92CA2FB8C009B6C7B /* Resources */,
			);
			buildRules = (
			);
			dependencies = (
			);
			fileSystemSynchronizedGroups = (
				073D0AFD2CA2FB8C009B6C7B /* Bucket List */,
			);
			name = "Bucket List";
			packageProductDependencies = (
			);
			productName = "Bucket List";
			productReference = 073D0AFB2CA2FB8C009B6C7B /* Bucket List.app */;
			productType = "com.apple.product-type.application";
		};
		073D0B0A2CA2FB8E009B6C7B /* Bucket ListTests */ = {
			isa = PBXNativeTarget;
			buildConfigurationList = 073D0B222CA2FB8E009B6C7B /* Build configuration list for PBXNativeTarget "Bucket ListTests" */;
			buildPhases = (
				073D0B072CA2FB8E009B6C7B /* Sources */,
				073D0B082CA2FB8E009B6C7B /* Frameworks */,
				073D0B092CA2FB8E009B6C7B /* Resources */,
			);
			buildRules = (
			);
			dependencies = (
				073D0B0D2CA2FB8E009B6C7B /* PBXTargetDependency */,
			);
			fileSystemSynchronizedGroups = (
				073D0B0E2CA2FB8E009B6C7B /* Bucket ListTests */,
			);
			name = "Bucket ListTests";
			packageProductDependencies = (
			);
			productName = "Bucket ListTests";
			productReference = 073D0B0B2CA2FB8E009B6C7B /* Bucket ListTests.xctest */;
			productType = "com.apple.product-type.bundle.unit-test";
		};
		073D0B142CA2FB8E009B6C7B /* Bucket ListUITests */ = {
			isa = PBXNativeTarget;
			buildConfigurationList = 073D0B252CA2FB8E009B6C7B /* Build configuration list for PBXNativeTarget "Bucket ListUITests" */;
			buildPhases = (
				073D0B112CA2FB8E009B6C7B /* Sources */,
				073D0B122CA2FB8E009B6C7B /* Frameworks */,
				073D0B132CA2FB8E009B6C7B /* Resources */,
			);
			buildRules = (
			);
			dependencies = (
				073D0B172CA2FB8E009B6C7B /* PBXTargetDependency */,
			);
			fileSystemSynchronizedGroups = (
				073D0B182CA2FB8E009B6C7B /* Bucket ListUITests */,
			);
			name = "Bucket ListUITests";
			packageProductDependencies = (
			);
			productName = "Bucket ListUITests";
			productReference = 073D0B152CA2FB8E009B6C7B /* Bucket ListUITests.xctest */;
			productType = "com.apple.product-type.bundle.ui-testing";
		};
/* End PBXNativeTarget section */

/* Begin PBXProject section */
		073D0AF32CA2FB8C009B6C7B /* Project object */ = {
			isa = PBXProject;
			attributes = {
				BuildIndependentTargetsInParallel = 1;
				LastSwiftUpdateCheck = 1600;
				LastUpgradeCheck = 1600;
				TargetAttributes = {
					073D0AFA2CA2FB8C009B6C7B = {
						CreatedOnToolsVersion = 16.0;
					};
					073D0B0A2CA2FB8E009B6C7B = {
						CreatedOnToolsVersion = 16.0;
						TestTargetID = 073D0AFA2CA2FB8C009B6C7B;
					};
					073D0B142CA2FB8E009B6C7B = {
						CreatedOnToolsVersion = 16.0;
						TestTargetID = 073D0AFA2CA2FB8C009B6C7B;
					};
				};
			};
			buildConfigurationList = 073D0AF62CA2FB8C009B6C7B /* Build configuration list for PBXProject "Bucket List" */;
			developmentRegion = en;
			hasScannedForEncodings = 0;
			knownRegions = (
				en,
				Base,
			);
			mainGroup = 073D0AF22CA2FB8C009B6C7B;
			minimizedProjectReferenceProxies = 1;
			preferredProjectObjectVersion = 77;
			productRefGroup = 073D0AFC2CA2FB8C009B6C7B /* Products */;
			projectDirPath = "";
			projectRoot = "";
			targets = (
				073D0AFA2CA2FB8C009B6C7B /* Bucket List */,
				073D0B0A2CA2FB8E009B6C7B /* Bucket ListTests */,
				073D0B142CA2FB8E009B6C7B /* Bucket ListUITests */,
			);
		};
/* End PBXProject section */

/* Begin PBXResourcesBuildPhase section */
		073D0AF92CA2FB8C009B6C7B /* Resources */ = {
			isa = PBXResourcesBuildPhase;
			buildActionMask = 2147483647;
			files = (
			);
			runOnlyForDeploymentPostprocessing = 0;
		};
		073D0B092CA2FB8E009B6C7B /* Resources */ = {
			isa = PBXResourcesBuildPhase;
			buildActionMask = 2147483647;
			files = (
			);
			runOnlyForDeploymentPostprocessing = 0;
		};
		073D0B132CA2FB8E009B6C7B /* Resources */ = {
			isa = PBXResourcesBuildPhase;
			buildActionMask = 2147483647;
			files = (
			);
			runOnlyForDeploymentPostprocessing = 0;
		};
/* End PBXResourcesBuildPhase section */

/* Begin PBXSourcesBuildPhase section */
		073D0AF72CA2FB8C009B6C7B /* Sources */ = {
			isa = PBXSourcesBuildPhase;
			buildActionMask = 2147483647;
			files = (
				0767A8752CA3262700AC22CA /* Result.swift in Sources */,
				073D0B2A2CA2FD6E009B6C7B /* Location.swift in Sources */,
				073D0B3B2CA30395009B6C7B /* SwiftUIView.swift in Sources */,
			);
			runOnlyForDeploymentPostprocessing = 0;
		};
		073D0B072CA2FB8E009B6C7B /* Sources */ = {
			isa = PBXSourcesBuildPhase;
			buildActionMask = 2147483647;
			files = (
			);
			runOnlyForDeploymentPostprocessing = 0;
		};
		073D0B112CA2FB8E009B6C7B /* Sources */ = {
			isa = PBXSourcesBuildPhase;
			buildActionMask = 2147483647;
			files = (
			);
			runOnlyForDeploymentPostprocessing = 0;
		};
/* End PBXSourcesBuildPhase section */

/* Begin PBXTargetDependency section */
		073D0B0D2CA2FB8E009B6C7B /* PBXTargetDependency */ = {
			isa = PBXTargetDependency;
			target = 073D0AFA2CA2FB8C009B6C7B /* Bucket List */;
			targetProxy = 073D0B0C2CA2FB8E009B6C7B /* PBXContainerItemProxy */;
		};
		073D0B172CA2FB8E009B6C7B /* PBXTargetDependency */ = {
			isa = PBXTargetDependency;
			target = 073D0AFA2CA2FB8C009B6C7B /* Bucket List */;
			targetProxy = 073D0B162CA2FB8E009B6C7B /* PBXContainerItemProxy */;
		};
/* End PBXTargetDependency section */

/* Begin XCBuildConfiguration section */
		073D0B1D2CA2FB8E009B6C7B /* Debug */ = {
			isa = XCBuildConfiguration;
			buildSettings = {
				ALWAYS_SEARCH_USER_PATHS = NO;
				ASSETCATALOG_COMPILER_GENERATE_SWIFT_ASSET_SYMBOL_EXTENSIONS = YES;
				CLANG_ANALYZER_NONNULL = YES;
				CLANG_ANALYZER_NUMBER_OBJECT_CONVERSION = YES_AGGRESSIVE;
				CLANG_CXX_LANGUAGE_STANDARD = "gnu++20";
				CLANG_ENABLE_MODULES = YES;
				CLANG_ENABLE_OBJC_ARC = YES;
				CLANG_ENABLE_OBJC_WEAK = YES;
				CLANG_WARN_BLOCK_CAPTURE_AUTORELEASING = YES;
				CLANG_WARN_BOOL_CONVERSION = YES;
				CLANG_WARN_COMMA = YES;
				CLANG_WARN_CONSTANT_CONVERSION = YES;
				CLANG_WARN_DEPRECATED_OBJC_IMPLEMENTATIONS = YES;
				CLANG_WARN_DIRECT_OBJC_ISA_USAGE = YES_ERROR;
				CLANG_WARN_DOCUMENTATION_COMMENTS = YES;
				CLANG_WARN_EMPTY_BODY = YES;
				CLANG_WARN_ENUM_CONVERSION = YES;
				CLANG_WARN_INFINITE_RECURSION = YES;
				CLANG_WARN_INT_CONVERSION = YES;
				CLANG_WARN_NON_LITERAL_NULL_CONVERSION = YES;
				CLANG_WARN_OBJC_IMPLICIT_RETAIN_SELF = YES;
				CLANG_WARN_OBJC_LITERAL_CONVERSION = YES;
				CLANG_WARN_OBJC_ROOT_CLASS = YES_ERROR;
				CLANG_WARN_QUOTED_INCLUDE_IN_FRAMEWORK_HEADER = YES;
				CLANG_WARN_RANGE_LOOP_ANALYSIS = YES;
				CLANG_WARN_STRICT_PROTOTYPES = YES;
				CLANG_WARN_SUSPICIOUS_MOVE = YES;
				CLANG_WARN_UNGUARDED_AVAILABILITY = YES_AGGRESSIVE;
				CLANG_WARN_UNREACHABLE_CODE = YES;
				CLANG_WARN__DUPLICATE_METHOD_MATCH = YES;
				COPY_PHASE_STRIP = NO;
				DEBUG_INFORMATION_FORMAT = dwarf;
				ENABLE_STRICT_OBJC_MSGSEND = YES;
				ENABLE_TESTABILITY = YES;
				ENABLE_USER_SCRIPT_SANDBOXING = YES;
				GCC_C_LANGUAGE_STANDARD = gnu17;
				GCC_DYNAMIC_NO_PIC = NO;
				GCC_NO_COMMON_BLOCKS = YES;
				GCC_OPTIMIZATION_LEVEL = 0;
				GCC_PREPROCESSOR_DEFINITIONS = (
					"DEBUG=1",
					"$(inherited)",
				);
				GCC_WARN_64_TO_32_BIT_CONVERSION = YES;
				GCC_WARN_ABOUT_RETURN_TYPE = YES_ERROR;
				GCC_WARN_UNDECLARED_SELECTOR = YES;
				GCC_WARN_UNINITIALIZED_AUTOS = YES_AGGRESSIVE;
				GCC_WARN_UNUSED_FUNCTION = YES;
				GCC_WARN_UNUSED_VARIABLE = YES;
				IPHONEOS_DEPLOYMENT_TARGET = 18.0;
				LOCALIZATION_PREFERS_STRING_CATALOGS = YES;
				MTL_ENABLE_DEBUG_INFO = INCLUDE_SOURCE;
				MTL_FAST_MATH = YES;
				ONLY_ACTIVE_ARCH = YES;
				SDKROOT = iphoneos;
				SWIFT_ACTIVE_COMPILATION_CONDITIONS = "DEBUG $(inherited)";
				SWIFT_OPTIMIZATION_LEVEL = "-Onone";
			};
			name = Debug;
		};
		073D0B1E2CA2FB8E009B6C7B /* Release */ = {
			isa = XCBuildConfiguration;
			buildSettings = {
				ALWAYS_SEARCH_USER_PATHS = NO;
				ASSETCATALOG_COMPILER_GENERATE_SWIFT_ASSET_SYMBOL_EXTENSIONS = YES;
				CLANG_ANALYZER_NONNULL = YES;
				CLANG_ANALYZER_NUMBER_OBJECT_CONVERSION = YES_AGGRESSIVE;
				CLANG_CXX_LANGUAGE_STANDARD = "gnu++20";
				CLANG_ENABLE_MODULES = YES;
				CLANG_ENABLE_OBJC_ARC = YES;
				CLANG_ENABLE_OBJC_WEAK = YES;
				CLANG_WARN_BLOCK_CAPTURE_AUTORELEASING = YES;
				CLANG_WARN_BOOL_CONVERSION = YES;
				CLANG_WARN_COMMA = YES;
				CLANG_WARN_CONSTANT_CONVERSION = YES;
				CLANG_WARN_DEPRECATED_OBJC_IMPLEMENTATIONS = YES;
				CLANG_WARN_DIRECT_OBJC_ISA_USAGE = YES_ERROR;
				CLANG_WARN_DOCUMENTATION_COMMENTS = YES;
				CLANG_WARN_EMPTY_BODY = YES;
				CLANG_WARN_ENUM_CONVERSION = YES;
				CLANG_WARN_INFINITE_RECURSION = YES;
				CLANG_WARN_INT_CONVERSION = YES;
				CLANG_WARN_NON_LITERAL_NULL_CONVERSION = YES;
				CLANG_WARN_OBJC_IMPLICIT_RETAIN_SELF = YES;
				CLANG_WARN_OBJC_LITERAL_CONVERSION = YES;
				CLANG_WARN_OBJC_ROOT_CLASS = YES_ERROR;
				CLANG_WARN_QUOTED_INCLUDE_IN_FRAMEWORK_HEADER = YES;
				CLANG_WARN_RANGE_LOOP_ANALYSIS = YES;
				CLANG_WARN_STRICT_PROTOTYPES = YES;
				CLANG_WARN_SUSPICIOUS_MOVE = YES;
				CLANG_WARN_UNGUARDED_AVAILABILITY = YES_AGGRESSIVE;
				CLANG_WARN_UNREACHABLE_CODE = YES;
				CLANG_WARN__DUPLICATE_METHOD_MATCH = YES;
				COPY_PHASE_STRIP = NO;
				DEBUG_INFORMATION_FORMAT = "dwarf-with-dsym";
				ENABLE_NS_ASSERTIONS = NO;
				ENABLE_STRICT_OBJC_MSGSEND = YES;
				ENABLE_USER_SCRIPT_SANDBOXING = YES;
				GCC_C_LANGUAGE_STANDARD = gnu17;
				GCC_NO_COMMON_BLOCKS = YES;
				GCC_WARN_64_TO_32_BIT_CONVERSION = YES;
				GCC_WARN_ABOUT_RETURN_TYPE = YES_ERROR;
				GCC_WARN_UNDECLARED_SELECTOR = YES;
				GCC_WARN_UNINITIALIZED_AUTOS = YES_AGGRESSIVE;
				GCC_WARN_UNUSED_FUNCTION = YES;
				GCC_WARN_UNUSED_VARIABLE = YES;
				IPHONEOS_DEPLOYMENT_TARGET = 18.0;
				LOCALIZATION_PREFERS_STRING_CATALOGS = YES;
				MTL_ENABLE_DEBUG_INFO = NO;
				MTL_FAST_MATH = YES;
				SDKROOT = iphoneos;
				SWIFT_COMPILATION_MODE = wholemodule;
				VALIDATE_PRODUCT = YES;
			};
			name = Release;
		};
		073D0B202CA2FB8E009B6C7B /* Debug */ = {
			isa = XCBuildConfiguration;
			buildSettings = {
				ASSETCATALOG_COMPILER_APPICON_NAME = AppIcon;
				ASSETCATALOG_COMPILER_GLOBAL_ACCENT_COLOR_NAME = AccentColor;
				CODE_SIGN_STYLE = Automatic;
				CURRENT_PROJECT_VERSION = 1;
				DEVELOPMENT_ASSET_PATHS = "\"Bucket List/Preview Content\"";
				ENABLE_PREVIEWS = YES;
				GENERATE_INFOPLIST_FILE = YES;
				INFOPLIST_KEY_UIApplicationSceneManifest_Generation = YES;
				INFOPLIST_KEY_UIApplicationSupportsIndirectInputEvents = YES;
				INFOPLIST_KEY_UILaunchScreen_Generation = YES;
				INFOPLIST_KEY_UISupportedInterfaceOrientations_iPad = "UIInterfaceOrientationPortrait UIInterfaceOrientationPortraitUpsideDown UIInterfaceOrientationLandscapeLeft UIInterfaceOrientationLandscapeRight";
				INFOPLIST_KEY_UISupportedInterfaceOrientations_iPhone = "UIInterfaceOrientationPortrait UIInterfaceOrientationLandscapeLeft UIInterfaceOrientationLandscapeRight";
				LD_RUNPATH_SEARCH_PATHS = (
					"$(inherited)",
					"@executable_path/Frameworks",
				);
				MARKETING_VERSION = 1.0;
				PRODUCT_BUNDLE_IDENTIFIER = "com.406software.Bucket-List";
				PRODUCT_NAME = "$(TARGET_NAME)";
				SWIFT_EMIT_LOC_STRINGS = YES;
				SWIFT_VERSION = 5.0;
				TARGETED_DEVICE_FAMILY = "1,2";
			};
			name = Debug;
		};
		073D0B212CA2FB8E009B6C7B /* Release */ = {
			isa = XCBuildConfiguration;
			buildSettings = {
				ASSETCATALOG_COMPILER_APPICON_NAME = AppIcon;
				ASSETCATALOG_COMPILER_GLOBAL_ACCENT_COLOR_NAME = AccentColor;
				CODE_SIGN_STYLE = Automatic;
				CURRENT_PROJECT_VERSION = 1;
				DEVELOPMENT_ASSET_PATHS = "\"Bucket List/Preview Content\"";
				ENABLE_PREVIEWS = YES;
				GENERATE_INFOPLIST_FILE = YES;
				INFOPLIST_KEY_UIApplicationSceneManifest_Generation = YES;
				INFOPLIST_KEY_UIApplicationSupportsIndirectInputEvents = YES;
				INFOPLIST_KEY_UILaunchScreen_Generation = YES;
				INFOPLIST_KEY_UISupportedInterfaceOrientations_iPad = "UIInterfaceOrientationPortrait UIInterfaceOrientationPortraitUpsideDown UIInterfaceOrientationLandscapeLeft UIInterfaceOrientationLandscapeRight";
				INFOPLIST_KEY_UISupportedInterfaceOrientations_iPhone = "UIInterfaceOrientationPortrait UIInterfaceOrientationLandscapeLeft UIInterfaceOrientationLandscapeRight";
				LD_RUNPATH_SEARCH_PATHS = (
					"$(inherited)",
					"@executable_path/Frameworks",
				);
				MARKETING_VERSION = 1.0;
				PRODUCT_BUNDLE_IDENTIFIER = "com.406software.Bucket-List";
				PRODUCT_NAME = "$(TARGET_NAME)";
				SWIFT_EMIT_LOC_STRINGS = YES;
				SWIFT_VERSION = 5.0;
				TARGETED_DEVICE_FAMILY = "1,2";
			};
			name = Release;
		};
		073D0B232CA2FB8E009B6C7B /* Debug */ = {
			isa = XCBuildConfiguration;
			buildSettings = {
				BUNDLE_LOADER = "$(TEST_HOST)";
				CODE_SIGN_STYLE = Automatic;
				CURRENT_PROJECT_VERSION = 1;
				GENERATE_INFOPLIST_FILE = YES;
				IPHONEOS_DEPLOYMENT_TARGET = 18.0;
				MARKETING_VERSION = 1.0;
				PRODUCT_BUNDLE_IDENTIFIER = "com.406software.Bucket-ListTests";
				PRODUCT_NAME = "$(TARGET_NAME)";
				SWIFT_EMIT_LOC_STRINGS = NO;
				SWIFT_VERSION = 5.0;
				TARGETED_DEVICE_FAMILY = "1,2";
				TEST_HOST = "$(BUILT_PRODUCTS_DIR)/Bucket List.app/$(BUNDLE_EXECUTABLE_FOLDER_PATH)/Bucket List";
			};
			name = Debug;
		};
		073D0B242CA2FB8E009B6C7B /* Release */ = {
			isa = XCBuildConfiguration;
			buildSettings = {
				BUNDLE_LOADER = "$(TEST_HOST)";
				CODE_SIGN_STYLE = Automatic;
				CURRENT_PROJECT_VERSION = 1;
				GENERATE_INFOPLIST_FILE = YES;
				IPHONEOS_DEPLOYMENT_TARGET = 18.0;
				MARKETING_VERSION = 1.0;
				PRODUCT_BUNDLE_IDENTIFIER = "com.406software.Bucket-ListTests";
				PRODUCT_NAME = "$(TARGET_NAME)";
				SWIFT_EMIT_LOC_STRINGS = NO;
				SWIFT_VERSION = 5.0;
				TARGETED_DEVICE_FAMILY = "1,2";
				TEST_HOST = "$(BUILT_PRODUCTS_DIR)/Bucket List.app/$(BUNDLE_EXECUTABLE_FOLDER_PATH)/Bucket List";
			};
			name = Release;
		};
		073D0B262CA2FB8E009B6C7B /* Debug */ = {
			isa = XCBuildConfiguration;
			buildSettings = {
				CODE_SIGN_STYLE = Automatic;
				CURRENT_PROJECT_VERSION = 1;
				GENERATE_INFOPLIST_FILE = YES;
				MARKETING_VERSION = 1.0;
				PRODUCT_BUNDLE_IDENTIFIER = "com.406software.Bucket-ListUITests";
				PRODUCT_NAME = "$(TARGET_NAME)";
				SWIFT_EMIT_LOC_STRINGS = NO;
				SWIFT_VERSION = 5.0;
				TARGETED_DEVICE_FAMILY = "1,2";
				TEST_TARGET_NAME = "Bucket List";
			};
			name = Debug;
		};
		073D0B272CA2FB8E009B6C7B /* Release */ = {
			isa = XCBuildConfiguration;
			buildSettings = {
				CODE_SIGN_STYLE = Automatic;
				CURRENT_PROJECT_VERSION = 1;
				GENERATE_INFOPLIST_FILE = YES;
				MARKETING_VERSION = 1.0;
				PRODUCT_BUNDLE_IDENTIFIER = "com.406software.Bucket-ListUITests";
				PRODUCT_NAME = "$(TARGET_NAME)";
				SWIFT_EMIT_LOC_STRINGS = NO;
				SWIFT_VERSION = 5.0;
				TARGETED_DEVICE_FAMILY = "1,2";
				TEST_TARGET_NAME = "Bucket List";
			};
			name = Release;
		};
/* End XCBuildConfiguration section */

/* Begin XCConfigurationList section */
		073D0AF62CA2FB8C009B6C7B /* Build configuration list for PBXProject "Bucket List" */ = {
			isa = XCConfigurationList;
			buildConfigurations = (
				073D0B1D2CA2FB8E009B6C7B /* Debug */,
				073D0B1E2CA2FB8E009B6C7B /* Release */,
			);
			defaultConfigurationIsVisible = 0;
			defaultConfigurationName = Release;
		};
		073D0B1F2CA2FB8E009B6C7B /* Build configuration list for PBXNativeTarget "Bucket List" */ = {
			isa = XCConfigurationList;
			buildConfigurations = (
				073D0B202CA2FB8E009B6C7B /* Debug */,
				073D0B212CA2FB8E009B6C7B /* Release */,
			);
			defaultConfigurationIsVisible = 0;
			defaultConfigurationName = Release;
		};
		073D0B222CA2FB8E009B6C7B /* Build configuration list for PBXNativeTarget "Bucket ListTests" */ = {
			isa = XCConfigurationList;
			buildConfigurations = (
				073D0B232CA2FB8E009B6C7B /* Debug */,
				073D0B242CA2FB8E009B6C7B /* Release */,
			);
			defaultConfigurationIsVisible = 0;
			defaultConfigurationName = Release;
		};
		073D0B252CA2FB8E009B6C7B /* Build configuration list for PBXNativeTarget "Bucket ListUITests" */ = {
			isa = XCConfigurationList;
			buildConfigurations = (
				073D0B262CA2FB8E009B6C7B /* Debug */,
				073D0B272CA2FB8E009B6C7B /* Release */,
			);
			defaultConfigurationIsVisible = 0;
			defaultConfigurationName = Release;
		};
/* End XCConfigurationList section */
	};
	rootObject = 073D0AF32CA2FB8C009B6C7B /* Project object */;
}
